// !$*UTF8*$!
{
	archiveVersion = 1;
	classes = {
	};
	objectVersion = 56;
	objects = {

/* Begin PBXBuildFile section */
		091B4EFA2C60C8EF007F744C /* HabitRepository.swift in Sources */ = {isa = PBXBuildFile; fileRef = 091B4EF92C60C8EF007F744C /* HabitRepository.swift */; };
		091B4EFD2C60CA16007F744C /* HabitOfflineService.swift in Sources */ = {isa = PBXBuildFile; fileRef = 091B4EFC2C60CA16007F744C /* HabitOfflineService.swift */; };
		091B4EFF2C60D267007F744C /* HabitListItem.swift in Sources */ = {isa = PBXBuildFile; fileRef = 091B4EFE2C60D267007F744C /* HabitListItem.swift */; };
		0959F6062C5CD01200A31AD3 /* HabitFormView.swift in Sources */ = {isa = PBXBuildFile; fileRef = 0959F6052C5CD01200A31AD3 /* HabitFormView.swift */; };
		0959F6082C5CD73B00A31AD3 /* HabitColorPicker.swift in Sources */ = {isa = PBXBuildFile; fileRef = 0959F6072C5CD73B00A31AD3 /* HabitColorPicker.swift */; };
		096C9DB52C5A882A00AED0BF /* HabitCompletion.swift in Sources */ = {isa = PBXBuildFile; fileRef = 096C9DB42C5A882A00AED0BF /* HabitCompletion.swift */; };
		096C9DBA2C5A8C5A00AED0BF /* HabitDetailsView.swift in Sources */ = {isa = PBXBuildFile; fileRef = 096C9DB92C5A8C5A00AED0BF /* HabitDetailsView.swift */; };
		0981114F2C5F98900032E94A /* HabitSamples.swift in Sources */ = {isa = PBXBuildFile; fileRef = 0981114E2C5F98900032E94A /* HabitSamples.swift */; };
		098111512C5F99AC0032E94A /* PreviewContainer.swift in Sources */ = {isa = PBXBuildFile; fileRef = 098111502C5F99AC0032E94A /* PreviewContainer.swift */; };
		098111552C5FA6820032E94A /* HabitsListViewModel.swift in Sources */ = {isa = PBXBuildFile; fileRef = 098111542C5FA6820032E94A /* HabitsListViewModel.swift */; };
		09AB4EE02C5CB34600535B80 /* NewHabitView.swift in Sources */ = {isa = PBXBuildFile; fileRef = 09AB4EDF2C5CB34600535B80 /* NewHabitView.swift */; };
		09AB4EE22C5CBA3500535B80 /* NewHabitViewModel.swift in Sources */ = {isa = PBXBuildFile; fileRef = 09AB4EE12C5CBA3500535B80 /* NewHabitViewModel.swift */; };
		09CD55742C5CC3A6000A79EA /* HabitDetailsViewModel.swift in Sources */ = {isa = PBXBuildFile; fileRef = 09CD55732C5CC3A6000A79EA /* HabitDetailsViewModel.swift */; };
		09F4A4202C5A8582001448C3 /* habit_trackerApp.swift in Sources */ = {isa = PBXBuildFile; fileRef = 09F4A41F2C5A8582001448C3 /* habit_trackerApp.swift */; };
		09F4A4222C5A8582001448C3 /* HabitsListView.swift in Sources */ = {isa = PBXBuildFile; fileRef = 09F4A4212C5A8582001448C3 /* HabitsListView.swift */; };
		09F4A4242C5A8582001448C3 /* Habit.swift in Sources */ = {isa = PBXBuildFile; fileRef = 09F4A4232C5A8582001448C3 /* Habit.swift */; };
		09F4A4262C5A8583001448C3 /* Assets.xcassets in Resources */ = {isa = PBXBuildFile; fileRef = 09F4A4252C5A8583001448C3 /* Assets.xcassets */; };
		09F4A4292C5A8583001448C3 /* Preview Assets.xcassets in Resources */ = {isa = PBXBuildFile; fileRef = 09F4A4282C5A8583001448C3 /* Preview Assets.xcassets */; };
/* End PBXBuildFile section */

/* Begin PBXFileReference section */
		091B4EF92C60C8EF007F744C /* HabitRepository.swift */ = {isa = PBXFileReference; lastKnownFileType = sourcecode.swift; path = HabitRepository.swift; sourceTree = "<group>"; };
		091B4EFC2C60CA16007F744C /* HabitOfflineService.swift */ = {isa = PBXFileReference; lastKnownFileType = sourcecode.swift; path = HabitOfflineService.swift; sourceTree = "<group>"; };
		091B4EFE2C60D267007F744C /* HabitListItem.swift */ = {isa = PBXFileReference; lastKnownFileType = sourcecode.swift; path = HabitListItem.swift; sourceTree = "<group>"; };
		0959F6052C5CD01200A31AD3 /* HabitFormView.swift */ = {isa = PBXFileReference; lastKnownFileType = sourcecode.swift; path = HabitFormView.swift; sourceTree = "<group>"; };
		0959F6072C5CD73B00A31AD3 /* HabitColorPicker.swift */ = {isa = PBXFileReference; lastKnownFileType = sourcecode.swift; path = HabitColorPicker.swift; sourceTree = "<group>"; };
		096C9DB42C5A882A00AED0BF /* HabitCompletion.swift */ = {isa = PBXFileReference; lastKnownFileType = sourcecode.swift; path = HabitCompletion.swift; sourceTree = "<group>"; };
		096C9DB92C5A8C5A00AED0BF /* HabitDetailsView.swift */ = {isa = PBXFileReference; lastKnownFileType = sourcecode.swift; path = HabitDetailsView.swift; sourceTree = "<group>"; };
		0981114E2C5F98900032E94A /* HabitSamples.swift */ = {isa = PBXFileReference; lastKnownFileType = sourcecode.swift; path = HabitSamples.swift; sourceTree = "<group>"; };
		098111502C5F99AC0032E94A /* PreviewContainer.swift */ = {isa = PBXFileReference; lastKnownFileType = sourcecode.swift; path = PreviewContainer.swift; sourceTree = "<group>"; };
		098111542C5FA6820032E94A /* HabitsListViewModel.swift */ = {isa = PBXFileReference; lastKnownFileType = sourcecode.swift; path = HabitsListViewModel.swift; sourceTree = "<group>"; };
		09AB4EDF2C5CB34600535B80 /* NewHabitView.swift */ = {isa = PBXFileReference; lastKnownFileType = sourcecode.swift; path = NewHabitView.swift; sourceTree = "<group>"; };
		09AB4EE12C5CBA3500535B80 /* NewHabitViewModel.swift */ = {isa = PBXFileReference; lastKnownFileType = sourcecode.swift; path = NewHabitViewModel.swift; sourceTree = "<group>"; };
		09CD55732C5CC3A6000A79EA /* HabitDetailsViewModel.swift */ = {isa = PBXFileReference; lastKnownFileType = sourcecode.swift; path = HabitDetailsViewModel.swift; sourceTree = "<group>"; };
		09F4A41C2C5A8582001448C3 /* habit-tracker.app */ = {isa = PBXFileReference; explicitFileType = wrapper.application; includeInIndex = 0; path = "habit-tracker.app"; sourceTree = BUILT_PRODUCTS_DIR; };
		09F4A41F2C5A8582001448C3 /* habit_trackerApp.swift */ = {isa = PBXFileReference; lastKnownFileType = sourcecode.swift; path = habit_trackerApp.swift; sourceTree = "<group>"; };
		09F4A4212C5A8582001448C3 /* HabitsListView.swift */ = {isa = PBXFileReference; lastKnownFileType = sourcecode.swift; path = HabitsListView.swift; sourceTree = "<group>"; };
		09F4A4232C5A8582001448C3 /* Habit.swift */ = {isa = PBXFileReference; lastKnownFileType = sourcecode.swift; path = Habit.swift; sourceTree = "<group>"; };
		09F4A4252C5A8583001448C3 /* Assets.xcassets */ = {isa = PBXFileReference; lastKnownFileType = folder.assetcatalog; path = Assets.xcassets; sourceTree = "<group>"; };
		09F4A4282C5A8583001448C3 /* Preview Assets.xcassets */ = {isa = PBXFileReference; lastKnownFileType = folder.assetcatalog; path = "Preview Assets.xcassets"; sourceTree = "<group>"; };
/* End PBXFileReference section */

/* Begin PBXFrameworksBuildPhase section */
		09F4A4192C5A8582001448C3 /* Frameworks */ = {
			isa = PBXFrameworksBuildPhase;
			buildActionMask = 2147483647;
			files = (
			);
			runOnlyForDeploymentPostprocessing = 0;
		};
/* End PBXFrameworksBuildPhase section */

/* Begin PBXGroup section */
		091B4EF62C60C7C1007F744C /* Repositories */ = {
			isa = PBXGroup;
			children = (
				091B4EF92C60C8EF007F744C /* HabitRepository.swift */,
			);
			path = Repositories;
			sourceTree = "<group>";
		};
		091B4EFB2C60CA06007F744C /* Services */ = {
			isa = PBXGroup;
			children = (
				091B4EFC2C60CA16007F744C /* HabitOfflineService.swift */,
			);
			path = Services;
			sourceTree = "<group>";
		};
		0959F6042C5CCCE100A31AD3 /* UI */ = {
			isa = PBXGroup;
			children = (
				0959F6052C5CD01200A31AD3 /* HabitFormView.swift */,
				0959F6072C5CD73B00A31AD3 /* HabitColorPicker.swift */,
				091B4EFE2C60D267007F744C /* HabitListItem.swift */,
			);
			path = UI;
			sourceTree = "<group>";
		};
		098111532C5F9E570032E94A /* HabitsListView */ = {
			isa = PBXGroup;
			children = (
				09F4A4212C5A8582001448C3 /* HabitsListView.swift */,
				098111542C5FA6820032E94A /* HabitsListViewModel.swift */,
			);
			path = HabitsListView;
			sourceTree = "<group>";
		};
		09AB4EDE2C5CB29100535B80 /* NewHabitView */ = {
			isa = PBXGroup;
			children = (
				09AB4EDF2C5CB34600535B80 /* NewHabitView.swift */,
				09AB4EE12C5CBA3500535B80 /* NewHabitViewModel.swift */,
			);
			path = NewHabitView;
			sourceTree = "<group>";
		};
		09AB4EE32C5CC13700535B80 /* HabitDetailsView */ = {
			isa = PBXGroup;
			children = (
				096C9DB92C5A8C5A00AED0BF /* HabitDetailsView.swift */,
				09CD55732C5CC3A6000A79EA /* HabitDetailsViewModel.swift */,
			);
			path = HabitDetailsView;
			sourceTree = "<group>";
		};
		09F4A4132C5A8581001448C3 = {
			isa = PBXGroup;
			children = (
				09F4A41E2C5A8582001448C3 /* habit-tracker */,
				09F4A41D2C5A8582001448C3 /* Products */,
			);
			sourceTree = "<group>";
		};
		09F4A41D2C5A8582001448C3 /* Products */ = {
			isa = PBXGroup;
			children = (
				09F4A41C2C5A8582001448C3 /* habit-tracker.app */,
			);
			name = Products;
			sourceTree = "<group>";
		};
		09F4A41E2C5A8582001448C3 /* habit-tracker */ = {
			isa = PBXGroup;
			children = (
				09F4A41F2C5A8582001448C3 /* habit_trackerApp.swift */,
				09F4A4252C5A8583001448C3 /* Assets.xcassets */,
				09F4A42F2C5A859D001448C3 /* Models */,
				09F4A4272C5A8583001448C3 /* Preview Content */,
				091B4EF62C60C7C1007F744C /* Repositories */,
				091B4EFB2C60CA06007F744C /* Services */,
				09F4A4302C5A85AE001448C3 /* Views */,
			);
			path = "habit-tracker";
			sourceTree = "<group>";
		};
		09F4A4272C5A8583001448C3 /* Preview Content */ = {
			isa = PBXGroup;
			children = (
				09F4A4282C5A8583001448C3 /* Preview Assets.xcassets */,
				0981114E2C5F98900032E94A /* HabitSamples.swift */,
				098111502C5F99AC0032E94A /* PreviewContainer.swift */,
			);
			path = "Preview Content";
			sourceTree = "<group>";
		};
		09F4A42F2C5A859D001448C3 /* Models */ = {
			isa = PBXGroup;
			children = (
				09F4A4232C5A8582001448C3 /* Habit.swift */,
				096C9DB42C5A882A00AED0BF /* HabitCompletion.swift */,
			);
			path = Models;
			sourceTree = "<group>";
		};
		09F4A4302C5A85AE001448C3 /* Views */ = {
			isa = PBXGroup;
			children = (
				0959F6042C5CCCE100A31AD3 /* UI */,
				09AB4EE32C5CC13700535B80 /* HabitDetailsView */,
				09AB4EDE2C5CB29100535B80 /* NewHabitView */,
				098111532C5F9E570032E94A /* HabitsListView */,
			);
			path = Views;
			sourceTree = "<group>";
		};
/* End PBXGroup section */

/* Begin PBXNativeTarget section */
		09F4A41B2C5A8582001448C3 /* habit-tracker */ = {
			isa = PBXNativeTarget;
			buildConfigurationList = 09F4A42C2C5A8583001448C3 /* Build configuration list for PBXNativeTarget "habit-tracker" */;
			buildPhases = (
				09F4A4182C5A8582001448C3 /* Sources */,
				09F4A4192C5A8582001448C3 /* Frameworks */,
				09F4A41A2C5A8582001448C3 /* Resources */,
			);
			buildRules = (
			);
			dependencies = (
			);
			name = "habit-tracker";
			productName = "habit-tracker";
			productReference = 09F4A41C2C5A8582001448C3 /* habit-tracker.app */;
			productType = "com.apple.product-type.application";
		};
/* End PBXNativeTarget section */

/* Begin PBXProject section */
		09F4A4142C5A8581001448C3 /* Project object */ = {
			isa = PBXProject;
			attributes = {
				BuildIndependentTargetsInParallel = 1;
				LastSwiftUpdateCheck = 1540;
				LastUpgradeCheck = 1540;
				TargetAttributes = {
					09F4A41B2C5A8582001448C3 = {
						CreatedOnToolsVersion = 15.4;
					};
				};
			};
			buildConfigurationList = 09F4A4172C5A8581001448C3 /* Build configuration list for PBXProject "habit-tracker" */;
			compatibilityVersion = "Xcode 14.0";
			developmentRegion = en;
			hasScannedForEncodings = 0;
			knownRegions = (
				en,
				Base,
			);
			mainGroup = 09F4A4132C5A8581001448C3;
			productRefGroup = 09F4A41D2C5A8582001448C3 /* Products */;
			projectDirPath = "";
			projectRoot = "";
			targets = (
				09F4A41B2C5A8582001448C3 /* habit-tracker */,
			);
		};
/* End PBXProject section */

/* Begin PBXResourcesBuildPhase section */
		09F4A41A2C5A8582001448C3 /* Resources */ = {
			isa = PBXResourcesBuildPhase;
			buildActionMask = 2147483647;
			files = (
				09F4A4292C5A8583001448C3 /* Preview Assets.xcassets in Resources */,
				09F4A4262C5A8583001448C3 /* Assets.xcassets in Resources */,
			);
			runOnlyForDeploymentPostprocessing = 0;
		};
/* End PBXResourcesBuildPhase section */

/* Begin PBXSourcesBuildPhase section */
		09F4A4182C5A8582001448C3 /* Sources */ = {
			isa = PBXSourcesBuildPhase;
			buildActionMask = 2147483647;
			files = (
				098111552C5FA6820032E94A /* HabitsListViewModel.swift in Sources */,
				091B4EFF2C60D267007F744C /* HabitListItem.swift in Sources */,
				09AB4EE22C5CBA3500535B80 /* NewHabitViewModel.swift in Sources */,
				09F4A4222C5A8582001448C3 /* HabitsListView.swift in Sources */,
				09AB4EE02C5CB34600535B80 /* NewHabitView.swift in Sources */,
				09F4A4242C5A8582001448C3 /* Habit.swift in Sources */,
				098111512C5F99AC0032E94A /* PreviewContainer.swift in Sources */,
				096C9DB52C5A882A00AED0BF /* HabitCompletion.swift in Sources */,
				091B4EFD2C60CA16007F744C /* HabitOfflineService.swift in Sources */,
				09F4A4202C5A8582001448C3 /* habit_trackerApp.swift in Sources */,
				096C9DBA2C5A8C5A00AED0BF /* HabitDetailsView.swift in Sources */,
				09CD55742C5CC3A6000A79EA /* HabitDetailsViewModel.swift in Sources */,
				0959F6082C5CD73B00A31AD3 /* HabitColorPicker.swift in Sources */,
				0981114F2C5F98900032E94A /* HabitSamples.swift in Sources */,
				091B4EFA2C60C8EF007F744C /* HabitRepository.swift in Sources */,
				0959F6062C5CD01200A31AD3 /* HabitFormView.swift in Sources */,
			);
			runOnlyForDeploymentPostprocessing = 0;
		};
/* End PBXSourcesBuildPhase section */

/* Begin XCBuildConfiguration section */
		09F4A42A2C5A8583001448C3 /* Debug */ = {
			isa = XCBuildConfiguration;
			buildSettings = {
				ALWAYS_SEARCH_USER_PATHS = NO;
				ASSETCATALOG_COMPILER_GENERATE_SWIFT_ASSET_SYMBOL_EXTENSIONS = YES;
				CLANG_ANALYZER_NONNULL = YES;
				CLANG_ANALYZER_NUMBER_OBJECT_CONVERSION = YES_AGGRESSIVE;
				CLANG_CXX_LANGUAGE_STANDARD = "gnu++20";
				CLANG_ENABLE_MODULES = YES;
				CLANG_ENABLE_OBJC_ARC = YES;
				CLANG_ENABLE_OBJC_WEAK = YES;
				CLANG_WARN_BLOCK_CAPTURE_AUTORELEASING = YES;
				CLANG_WARN_BOOL_CONVERSION = YES;
				CLANG_WARN_COMMA = YES;
				CLANG_WARN_CONSTANT_CONVERSION = YES;
				CLANG_WARN_DEPRECATED_OBJC_IMPLEMENTATIONS = YES;
				CLANG_WARN_DIRECT_OBJC_ISA_USAGE = YES_ERROR;
				CLANG_WARN_DOCUMENTATION_COMMENTS = YES;
				CLANG_WARN_EMPTY_BODY = YES;
				CLANG_WARN_ENUM_CONVERSION = YES;
				CLANG_WARN_INFINITE_RECURSION = YES;
				CLANG_WARN_INT_CONVERSION = YES;
				CLANG_WARN_NON_LITERAL_NULL_CONVERSION = YES;
				CLANG_WARN_OBJC_IMPLICIT_RETAIN_SELF = YES;
				CLANG_WARN_OBJC_LITERAL_CONVERSION = YES;
				CLANG_WARN_OBJC_ROOT_CLASS = YES_ERROR;
				CLANG_WARN_QUOTED_INCLUDE_IN_FRAMEWORK_HEADER = YES;
				CLANG_WARN_RANGE_LOOP_ANALYSIS = YES;
				CLANG_WARN_STRICT_PROTOTYPES = YES;
				CLANG_WARN_SUSPICIOUS_MOVE = YES;
				CLANG_WARN_UNGUARDED_AVAILABILITY = YES_AGGRESSIVE;
				CLANG_WARN_UNREACHABLE_CODE = YES;
				CLANG_WARN__DUPLICATE_METHOD_MATCH = YES;
				COPY_PHASE_STRIP = NO;
				DEBUG_INFORMATION_FORMAT = dwarf;
				ENABLE_STRICT_OBJC_MSGSEND = YES;
				ENABLE_TESTABILITY = YES;
				ENABLE_USER_SCRIPT_SANDBOXING = YES;
				GCC_C_LANGUAGE_STANDARD = gnu17;
				GCC_DYNAMIC_NO_PIC = NO;
				GCC_NO_COMMON_BLOCKS = YES;
				GCC_OPTIMIZATION_LEVEL = 0;
				GCC_PREPROCESSOR_DEFINITIONS = (
					"DEBUG=1",
					"$(inherited)",
				);
				GCC_WARN_64_TO_32_BIT_CONVERSION = YES;
				GCC_WARN_ABOUT_RETURN_TYPE = YES_ERROR;
				GCC_WARN_UNDECLARED_SELECTOR = YES;
				GCC_WARN_UNINITIALIZED_AUTOS = YES_AGGRESSIVE;
				GCC_WARN_UNUSED_FUNCTION = YES;
				GCC_WARN_UNUSED_VARIABLE = YES;
				IPHONEOS_DEPLOYMENT_TARGET = 17.5;
				LOCALIZATION_PREFERS_STRING_CATALOGS = YES;
				MTL_ENABLE_DEBUG_INFO = INCLUDE_SOURCE;
				MTL_FAST_MATH = YES;
				ONLY_ACTIVE_ARCH = YES;
				SDKROOT = iphoneos;
				SWIFT_ACTIVE_COMPILATION_CONDITIONS = "DEBUG $(inherited)";
				SWIFT_OPTIMIZATION_LEVEL = "-Onone";
			};
			name = Debug;
		};
		09F4A42B2C5A8583001448C3 /* Release */ = {
			isa = XCBuildConfiguration;
			buildSettings = {
				ALWAYS_SEARCH_USER_PATHS = NO;
				ASSETCATALOG_COMPILER_GENERATE_SWIFT_ASSET_SYMBOL_EXTENSIONS = YES;
				CLANG_ANALYZER_NONNULL = YES;
				CLANG_ANALYZER_NUMBER_OBJECT_CONVERSION = YES_AGGRESSIVE;
				CLANG_CXX_LANGUAGE_STANDARD = "gnu++20";
				CLANG_ENABLE_MODULES = YES;
				CLANG_ENABLE_OBJC_ARC = YES;
				CLANG_ENABLE_OBJC_WEAK = YES;
				CLANG_WARN_BLOCK_CAPTURE_AUTORELEASING = YES;
				CLANG_WARN_BOOL_CONVERSION = YES;
				CLANG_WARN_COMMA = YES;
				CLANG_WARN_CONSTANT_CONVERSION = YES;
				CLANG_WARN_DEPRECATED_OBJC_IMPLEMENTATIONS = YES;
				CLANG_WARN_DIRECT_OBJC_ISA_USAGE = YES_ERROR;
				CLANG_WARN_DOCUMENTATION_COMMENTS = YES;
				CLANG_WARN_EMPTY_BODY = YES;
				CLANG_WARN_ENUM_CONVERSION = YES;
				CLANG_WARN_INFINITE_RECURSION = YES;
				CLANG_WARN_INT_CONVERSION = YES;
				CLANG_WARN_NON_LITERAL_NULL_CONVERSION = YES;
				CLANG_WARN_OBJC_IMPLICIT_RETAIN_SELF = YES;
				CLANG_WARN_OBJC_LITERAL_CONVERSION = YES;
				CLANG_WARN_OBJC_ROOT_CLASS = YES_ERROR;
				CLANG_WARN_QUOTED_INCLUDE_IN_FRAMEWORK_HEADER = YES;
				CLANG_WARN_RANGE_LOOP_ANALYSIS = YES;
				CLANG_WARN_STRICT_PROTOTYPES = YES;
				CLANG_WARN_SUSPICIOUS_MOVE = YES;
				CLANG_WARN_UNGUARDED_AVAILABILITY = YES_AGGRESSIVE;
				CLANG_WARN_UNREACHABLE_CODE = YES;
				CLANG_WARN__DUPLICATE_METHOD_MATCH = YES;
				COPY_PHASE_STRIP = NO;
				DEBUG_INFORMATION_FORMAT = "dwarf-with-dsym";
				ENABLE_NS_ASSERTIONS = NO;
				ENABLE_STRICT_OBJC_MSGSEND = YES;
				ENABLE_USER_SCRIPT_SANDBOXING = YES;
				GCC_C_LANGUAGE_STANDARD = gnu17;
				GCC_NO_COMMON_BLOCKS = YES;
				GCC_WARN_64_TO_32_BIT_CONVERSION = YES;
				GCC_WARN_ABOUT_RETURN_TYPE = YES_ERROR;
				GCC_WARN_UNDECLARED_SELECTOR = YES;
				GCC_WARN_UNINITIALIZED_AUTOS = YES_AGGRESSIVE;
				GCC_WARN_UNUSED_FUNCTION = YES;
				GCC_WARN_UNUSED_VARIABLE = YES;
				IPHONEOS_DEPLOYMENT_TARGET = 17.5;
				LOCALIZATION_PREFERS_STRING_CATALOGS = YES;
				MTL_ENABLE_DEBUG_INFO = NO;
				MTL_FAST_MATH = YES;
				SDKROOT = iphoneos;
				SWIFT_COMPILATION_MODE = wholemodule;
				VALIDATE_PRODUCT = YES;
			};
			name = Release;
		};
		09F4A42D2C5A8583001448C3 /* Debug */ = {
			isa = XCBuildConfiguration;
			buildSettings = {
				ASSETCATALOG_COMPILER_APPICON_NAME = AppIcon;
				ASSETCATALOG_COMPILER_GLOBAL_ACCENT_COLOR_NAME = AccentColor;
				CODE_SIGN_STYLE = Automatic;
				CURRENT_PROJECT_VERSION = 1;
				DEVELOPMENT_ASSET_PATHS = "\"habit-tracker/Preview Content\"";
				DEVELOPMENT_TEAM = FXR27X48Y3;
				ENABLE_PREVIEWS = YES;
				GENERATE_INFOPLIST_FILE = YES;
				INFOPLIST_KEY_UIApplicationSceneManifest_Generation = YES;
				INFOPLIST_KEY_UIApplicationSupportsIndirectInputEvents = YES;
				INFOPLIST_KEY_UILaunchScreen_Generation = YES;
				INFOPLIST_KEY_UISupportedInterfaceOrientations_iPad = "UIInterfaceOrientationPortrait UIInterfaceOrientationPortraitUpsideDown UIInterfaceOrientationLandscapeLeft UIInterfaceOrientationLandscapeRight";
				INFOPLIST_KEY_UISupportedInterfaceOrientations_iPhone = "UIInterfaceOrientationPortrait UIInterfaceOrientationLandscapeLeft UIInterfaceOrientationLandscapeRight";
				LD_RUNPATH_SEARCH_PATHS = (
					"$(inherited)",
					"@executable_path/Frameworks",
				);
				MARKETING_VERSION = 1.0;
				PRODUCT_BUNDLE_IDENTIFIER = "com.madsbalslev.habit-tracker";
				PRODUCT_NAME = "$(TARGET_NAME)";
				SWIFT_EMIT_LOC_STRINGS = YES;
				SWIFT_VERSION = 5.0;
				TARGETED_DEVICE_FAMILY = "1,2";
			};
			name = Debug;
		};
		09F4A42E2C5A8583001448C3 /* Release */ = {
			isa = XCBuildConfiguration;
			buildSettings = {
				ASSETCATALOG_COMPILER_APPICON_NAME = AppIcon;
				ASSETCATALOG_COMPILER_GLOBAL_ACCENT_COLOR_NAME = AccentColor;
				CODE_SIGN_STYLE = Automatic;
				CURRENT_PROJECT_VERSION = 1;
				DEVELOPMENT_ASSET_PATHS = "\"habit-tracker/Preview Content\"";
				DEVELOPMENT_TEAM = FXR27X48Y3;
				ENABLE_PREVIEWS = YES;
				GENERATE_INFOPLIST_FILE = YES;
				INFOPLIST_KEY_UIApplicationSceneManifest_Generation = YES;
				INFOPLIST_KEY_UIApplicationSupportsIndirectInputEvents = YES;
				INFOPLIST_KEY_UILaunchScreen_Generation = YES;
				INFOPLIST_KEY_UISupportedInterfaceOrientations_iPad = "UIInterfaceOrientationPortrait UIInterfaceOrientationPortraitUpsideDown UIInterfaceOrientationLandscapeLeft UIInterfaceOrientationLandscapeRight";
				INFOPLIST_KEY_UISupportedInterfaceOrientations_iPhone = "UIInterfaceOrientationPortrait UIInterfaceOrientationLandscapeLeft UIInterfaceOrientationLandscapeRight";
				LD_RUNPATH_SEARCH_PATHS = (
					"$(inherited)",
					"@executable_path/Frameworks",
				);
				MARKETING_VERSION = 1.0;
				PRODUCT_BUNDLE_IDENTIFIER = "com.madsbalslev.habit-tracker";
				PRODUCT_NAME = "$(TARGET_NAME)";
				SWIFT_EMIT_LOC_STRINGS = YES;
				SWIFT_VERSION = 5.0;
				TARGETED_DEVICE_FAMILY = "1,2";
			};
			name = Release;
		};
/* End XCBuildConfiguration section */

/* Begin XCConfigurationList section */
		09F4A4172C5A8581001448C3 /* Build configuration list for PBXProject "habit-tracker" */ = {
			isa = XCConfigurationList;
			buildConfigurations = (
				09F4A42A2C5A8583001448C3 /* Debug */,
				09F4A42B2C5A8583001448C3 /* Release */,
			);
			defaultConfigurationIsVisible = 0;
			defaultConfigurationName = Release;
		};
		09F4A42C2C5A8583001448C3 /* Build configuration list for PBXNativeTarget "habit-tracker" */ = {
			isa = XCConfigurationList;
			buildConfigurations = (
				09F4A42D2C5A8583001448C3 /* Debug */,
				09F4A42E2C5A8583001448C3 /* Release */,
			);
			defaultConfigurationIsVisible = 0;
			defaultConfigurationName = Release;
		};
/* End XCConfigurationList section */
	};
	rootObject = 09F4A4142C5A8581001448C3 /* Project object */;
}
